// !$*UTF8*$!
{
	archiveVersion = 1;
	classes = {
	};
	objectVersion = 46;
	objects = {

/* Begin PBXBuildFile section */
		BB85EDEC1639701700B13936 /* katz_distance.png in Resources */ = {isa = PBXBuildFile; fileRef = BB85EDEB1639701700B13936 /* katz_distance.png */; };
		BBA86A35163925A8007DE67A /* UIKit.framework in Frameworks */ = {isa = PBXBuildFile; fileRef = BBA86A34163925A8007DE67A /* UIKit.framework */; };
		BBA86A37163925A8007DE67A /* Foundation.framework in Frameworks */ = {isa = PBXBuildFile; fileRef = BBA86A36163925A8007DE67A /* Foundation.framework */; };
		BBA86A39163925A8007DE67A /* CoreGraphics.framework in Frameworks */ = {isa = PBXBuildFile; fileRef = BBA86A38163925A8007DE67A /* CoreGraphics.framework */; };
		BBA86A3F163925A8007DE67A /* InfoPlist.strings in Resources */ = {isa = PBXBuildFile; fileRef = BBA86A3D163925A8007DE67A /* InfoPlist.strings */; };
		BBA86A41163925A8007DE67A /* main.m in Sources */ = {isa = PBXBuildFile; fileRef = BBA86A40163925A8007DE67A /* main.m */; };
		BBA86A45163925A8007DE67A /* AppDelegate.m in Sources */ = {isa = PBXBuildFile; fileRef = BBA86A44163925A8007DE67A /* AppDelegate.m */; };
		BBA86A47163925A8007DE67A /* Default.png in Resources */ = {isa = PBXBuildFile; fileRef = BBA86A46163925A8007DE67A /* Default.png */; };
		BBA86A49163925A8007DE67A /* Default@2x.png in Resources */ = {isa = PBXBuildFile; fileRef = BBA86A48163925A8007DE67A /* Default@2x.png */; };
		BBA86A4B163925A8007DE67A /* Default-568h@2x.png in Resources */ = {isa = PBXBuildFile; fileRef = BBA86A4A163925A8007DE67A /* Default-568h@2x.png */; };
		BBA86A4E163925A8007DE67A /* ViewController.m in Sources */ = {isa = PBXBuildFile; fileRef = BBA86A4D163925A8007DE67A /* ViewController.m */; };
		BBA86A51163925A8007DE67A /* ViewController.xib in Resources */ = {isa = PBXBuildFile; fileRef = BBA86A4F163925A8007DE67A /* ViewController.xib */; };
		BBA86A58163925F6007DE67A /* CoreLocation.framework in Frameworks */ = {isa = PBXBuildFile; fileRef = BBA86A57163925F6007DE67A /* CoreLocation.framework */; };
		BBA86A5A1639364D007DE67A /* MapKit.framework in Frameworks */ = {isa = PBXBuildFile; fileRef = BBA86A591639364D007DE67A /* MapKit.framework */; };
/* End PBXBuildFile section */

/* Begin PBXFileReference section */
		BB85EDEB1639701700B13936 /* katz_distance.png */ = {isa = PBXFileReference; lastKnownFileType = image.png; path = katz_distance.png; sourceTree = "<group>"; };
		BBA86A30163925A8007DE67A /* Distance.app */ = {isa = PBXFileReference; explicitFileType = wrapper.application; includeInIndex = 0; path = Distance.app; sourceTree = BUILT_PRODUCTS_DIR; };
		BBA86A34163925A8007DE67A /* UIKit.framework */ = {isa = PBXFileReference; lastKnownFileType = wrapper.framework; name = UIKit.framework; path = System/Library/Frameworks/UIKit.framework; sourceTree = SDKROOT; };
		BBA86A36163925A8007DE67A /* Foundation.framework */ = {isa = PBXFileReference; lastKnownFileType = wrapper.framework; name = Foundation.framework; path = System/Library/Frameworks/Foundation.framework; sourceTree = SDKROOT; };
		BBA86A38163925A8007DE67A /* CoreGraphics.framework */ = {isa = PBXFileReference; lastKnownFileType = wrapper.framework; name = CoreGraphics.framework; path = System/Library/Frameworks/CoreGraphics.framework; sourceTree = SDKROOT; };
		BBA86A3C163925A8007DE67A /* Distance-Info.plist */ = {isa = PBXFileReference; lastKnownFileType = text.plist.xml; path = "Distance-Info.plist"; sourceTree = "<group>"; };
		BBA86A3E163925A8007DE67A /* en */ = {isa = PBXFileReference; lastKnownFileType = text.plist.strings; name = en; path = en.lproj/InfoPlist.strings; sourceTree = "<group>"; };
		BBA86A40163925A8007DE67A /* main.m */ = {isa = PBXFileReference; lastKnownFileType = sourcecode.c.objc; path = main.m; sourceTree = "<group>"; };
		BBA86A42163925A8007DE67A /* Distance-Prefix.pch */ = {isa = PBXFileReference; lastKnownFileType = sourcecode.c.h; path = "Distance-Prefix.pch"; sourceTree = "<group>"; };
		BBA86A43163925A8007DE67A /* AppDelegate.h */ = {isa = PBXFileReference; lastKnownFileType = sourcecode.c.h; path = AppDelegate.h; sourceTree = "<group>"; };
		BBA86A44163925A8007DE67A /* AppDelegate.m */ = {isa = PBXFileReference; lastKnownFileType = sourcecode.c.objc; path = AppDelegate.m; sourceTree = "<group>"; };
		BBA86A46163925A8007DE67A /* Default.png */ = {isa = PBXFileReference; lastKnownFileType = image.png; path = Default.png; sourceTree = "<group>"; };
		BBA86A48163925A8007DE67A /* Default@2x.png */ = {isa = PBXFileReference; lastKnownFileType = image.png; path = "Default@2x.png"; sourceTree = "<group>"; };
		BBA86A4A163925A8007DE67A /* Default-568h@2x.png */ = {isa = PBXFileReference; lastKnownFileType = image.png; path = "Default-568h@2x.png"; sourceTree = "<group>"; };
		BBA86A4C163925A8007DE67A /* ViewController.h */ = {isa = PBXFileReference; lastKnownFileType = sourcecode.c.h; path = ViewController.h; sourceTree = "<group>"; };
		BBA86A4D163925A8007DE67A /* ViewController.m */ = {isa = PBXFileReference; lastKnownFileType = sourcecode.c.objc; path = ViewController.m; sourceTree = "<group>"; };
		BBA86A50163925A8007DE67A /* en */ = {isa = PBXFileReference; lastKnownFileType = file.xib; name = en; path = en.lproj/ViewController.xib; sourceTree = "<group>"; };
		BBA86A57163925F6007DE67A /* CoreLocation.framework */ = {isa = PBXFileReference; lastKnownFileType = wrapper.framework; name = CoreLocation.framework; path = System/Library/Frameworks/CoreLocation.framework; sourceTree = SDKROOT; };
		BBA86A591639364D007DE67A /* MapKit.framework */ = {isa = PBXFileReference; lastKnownFileType = wrapper.framework; name = MapKit.framework; path = System/Library/Frameworks/MapKit.framework; sourceTree = SDKROOT; };
/* End PBXFileReference section */

/* Begin PBXFrameworksBuildPhase section */
		BBA86A2D163925A8007DE67A /* Frameworks */ = {
			isa = PBXFrameworksBuildPhase;
			buildActionMask = 2147483647;
			files = (
				BBA86A5A1639364D007DE67A /* MapKit.framework in Frameworks */,
				BBA86A58163925F6007DE67A /* CoreLocation.framework in Frameworks */,
				BBA86A35163925A8007DE67A /* UIKit.framework in Frameworks */,
				BBA86A37163925A8007DE67A /* Foundation.framework in Frameworks */,
				BBA86A39163925A8007DE67A /* CoreGraphics.framework in Frameworks */,
			);
			runOnlyForDeploymentPostprocessing = 0;
		};
/* End PBXFrameworksBuildPhase section */

/* Begin PBXGroup section */
		BBA86A25163925A8007DE67A = {
			isa = PBXGroup;
			children = (
				BB85EDEB1639701700B13936 /* katz_distance.png */,
				BBA86A591639364D007DE67A /* MapKit.framework */,
				BBA86A57163925F6007DE67A /* CoreLocation.framework */,
				BBA86A3A163925A8007DE67A /* Distance */,
				BBA86A33163925A8007DE67A /* Frameworks */,
				BBA86A31163925A8007DE67A /* Products */,
			);
			sourceTree = "<group>";
		};
		BBA86A31163925A8007DE67A /* Products */ = {
			isa = PBXGroup;
			children = (
				BBA86A30163925A8007DE67A /* Distance.app */,
			);
			name = Products;
			sourceTree = "<group>";
		};
		BBA86A33163925A8007DE67A /* Frameworks */ = {
			isa = PBXGroup;
			children = (
				BBA86A34163925A8007DE67A /* UIKit.framework */,
				BBA86A36163925A8007DE67A /* Foundation.framework */,
				BBA86A38163925A8007DE67A /* CoreGraphics.framework */,
			);
			name = Frameworks;
			sourceTree = "<group>";
		};
		BBA86A3A163925A8007DE67A /* Distance */ = {
			isa = PBXGroup;
			children = (
				BBA86A43163925A8007DE67A /* AppDelegate.h */,
				BBA86A44163925A8007DE67A /* AppDelegate.m */,
				BBA86A4C163925A8007DE67A /* ViewController.h */,
				BBA86A4D163925A8007DE67A /* ViewController.m */,
				BBA86A4F163925A8007DE67A /* ViewController.xib */,
				BBA86A3B163925A8007DE67A /* Supporting Files */,
			);
			path = Distance;
			sourceTree = "<group>";
		};
		BBA86A3B163925A8007DE67A /* Supporting Files */ = {
			isa = PBXGroup;
			children = (
				BBA86A3C163925A8007DE67A /* Distance-Info.plist */,
				BBA86A3D163925A8007DE67A /* InfoPlist.strings */,
				BBA86A40163925A8007DE67A /* main.m */,
				BBA86A42163925A8007DE67A /* Distance-Prefix.pch */,
				BBA86A46163925A8007DE67A /* Default.png */,
				BBA86A48163925A8007DE67A /* Default@2x.png */,
				BBA86A4A163925A8007DE67A /* Default-568h@2x.png */,
			);
			name = "Supporting Files";
			sourceTree = "<group>";
		};
/* End PBXGroup section */

/* Begin PBXNativeTarget section */
		BBA86A2F163925A8007DE67A /* Distance */ = {
			isa = PBXNativeTarget;
			buildConfigurationList = BBA86A54163925A8007DE67A /* Build configuration list for PBXNativeTarget "Distance" */;
			buildPhases = (
				BBA86A2C163925A8007DE67A /* Sources */,
				BBA86A2D163925A8007DE67A /* Frameworks */,
				BBA86A2E163925A8007DE67A /* Resources */,
			);
			buildRules = (
			);
			dependencies = (
			);
			name = Distance;
			productName = Distance;
			productReference = BBA86A30163925A8007DE67A /* Distance.app */;
			productType = "com.apple.product-type.application";
		};
/* End PBXNativeTarget section */

/* Begin PBXProject section */
		BBA86A27163925A8007DE67A /* Project object */ = {
			isa = PBXProject;
			attributes = {
				LastUpgradeCheck = 0450;
				ORGANIZATIONNAME = "Heymès Lucas";
			};
			buildConfigurationList = BBA86A2A163925A8007DE67A /* Build configuration list for PBXProject "Distance" */;
			compatibilityVersion = "Xcode 3.2";
			developmentRegion = English;
			hasScannedForEncodings = 0;
			knownRegions = (
				en,
			);
			mainGroup = BBA86A25163925A8007DE67A;
			productRefGroup = BBA86A31163925A8007DE67A /* Products */;
			projectDirPath = "";
			projectRoot = "";
			targets = (
				BBA86A2F163925A8007DE67A /* Distance */,
			);
		};
/* End PBXProject section */

/* Begin PBXResourcesBuildPhase section */
		BBA86A2E163925A8007DE67A /* Resources */ = {
			isa = PBXResourcesBuildPhase;
			buildActionMask = 2147483647;
			files = (
				BBA86A3F163925A8007DE67A /* InfoPlist.strings in Resources */,
				BBA86A47163925A8007DE67A /* Default.png in Resources */,
				BBA86A49163925A8007DE67A /* Default@2x.png in Resources */,
				BBA86A4B163925A8007DE67A /* Default-568h@2x.png in Resources */,
				BBA86A51163925A8007DE67A /* ViewController.xib in Resources */,
				BB85EDEC1639701700B13936 /* katz_distance.png in Resources */,
			);
			runOnlyForDeploymentPostprocessing = 0;
		};
/* End PBXResourcesBuildPhase section */

/* Begin PBXSourcesBuildPhase section */
		BBA86A2C163925A8007DE67A /* Sources */ = {
			isa = PBXSourcesBuildPhase;
			buildActionMask = 2147483647;
			files = (
				BBA86A41163925A8007DE67A /* main.m in Sources */,
				BBA86A45163925A8007DE67A /* AppDelegate.m in Sources */,
				BBA86A4E163925A8007DE67A /* ViewController.m in Sources */,
			);
			runOnlyForDeploymentPostprocessing = 0;
		};
/* End PBXSourcesBuildPhase section */

/* Begin PBXVariantGroup section */
		BBA86A3D163925A8007DE67A /* InfoPlist.strings */ = {
			isa = PBXVariantGroup;
			children = (
				BBA86A3E163925A8007DE67A /* en */,
			);
			name = InfoPlist.strings;
			sourceTree = "<group>";
		};
		BBA86A4F163925A8007DE67A /* ViewController.xib */ = {
			isa = PBXVariantGroup;
			children = (
				BBA86A50163925A8007DE67A /* en */,
			);
			name = ViewController.xib;
			sourceTree = "<group>";
		};
/* End PBXVariantGroup section */

/* Begin XCBuildConfiguration section */
		BBA86A52163925A8007DE67A /* Debug */ = {
			isa = XCBuildConfiguration;
			buildSettings = {
				ALWAYS_SEARCH_USER_PATHS = NO;
				CLANG_CXX_LANGUAGE_STANDARD = "gnu++0x";
				CLANG_CXX_LIBRARY = "libc++";
				CLANG_WARN_EMPTY_BODY = YES;
				CLANG_WARN__DUPLICATE_METHOD_MATCH = YES;
				"CODE_SIGN_IDENTITY[sdk=iphoneos*]" = "iPhone Developer";
				COPY_PHASE_STRIP = NO;
				GCC_C_LANGUAGE_STANDARD = gnu99;
				GCC_DYNAMIC_NO_PIC = NO;
				GCC_OPTIMIZATION_LEVEL = 0;
				GCC_PREPROCESSOR_DEFINITIONS = (
					"DEBUG=1",
					"$(inherited)",
				);
				GCC_SYMBOLS_PRIVATE_EXTERN = NO;
				GCC_WARN_ABOUT_RETURN_TYPE = YES;
				GCC_WARN_UNINITIALIZED_AUTOS = YES;
				GCC_WARN_UNUSED_VARIABLE = YES;
				IPHONEOS_DEPLOYMENT_TARGET = 6.0;
				ONLY_ACTIVE_ARCH = YES;
				SDKROOT = iphoneos;
			};
			name = Debug;
		};
		BBA86A53163925A8007DE67A /* Release */ = {
			isa = XCBuildConfiguration;
			buildSettings = {
				ALWAYS_SEARCH_USER_PATHS = NO;
				CLANG_CXX_LANGUAGE_STANDARD = "gnu++0x";
				CLANG_CXX_LIBRARY = "libc++";
				CLANG_WARN_EMPTY_BODY = YES;
				CLANG_WARN__DUPLICATE_METHOD_MATCH = YES;
				"CODE_SIGN_IDENTITY[sdk=iphoneos*]" = "iPhone Developer";
				COPY_PHASE_STRIP = YES;
				GCC_C_LANGUAGE_STANDARD = gnu99;
				GCC_WARN_ABOUT_RETURN_TYPE = YES;
				GCC_WARN_UNINITIALIZED_AUTOS = YES;
				GCC_WARN_UNUSED_VARIABLE = YES;
				IPHONEOS_DEPLOYMENT_TARGET = 6.0;
				OTHER_CFLAGS = "-DNS_BLOCK_ASSERTIONS=1";
				SDKROOT = iphoneos;
				VALIDATE_PRODUCT = YES;
			};
			name = Release;
		};
		BBA86A55163925A8007DE67A /* Debug */ = {
			isa = XCBuildConfiguration;
			buildSettings = {
				GCC_PRECOMPILE_PREFIX_HEADER = YES;
				GCC_PREFIX_HEADER = "Distance/Distance-Prefix.pch";
				INFOPLIST_FILE = "Distance/Distance-Info.plist";
				PRODUCT_NAME = "$(TARGET_NAME)";
				WRAPPER_EXTENSION = app;
			};
			name = Debug;
		};
		BBA86A56163925A8007DE67A /* Release */ = {
			isa = XCBuildConfiguration;
			buildSettings = {
				GCC_PRECOMPILE_PREFIX_HEADER = YES;
				GCC_PREFIX_HEADER = "Distance/Distance-Prefix.pch";
				INFOPLIST_FILE = "Distance/Distance-Info.plist";
				PRODUCT_NAME = "$(TARGET_NAME)";
				WRAPPER_EXTENSION = app;
			};
			name = Release;
		};
/* End XCBuildConfiguration section */

/* Begin XCConfigurationList section */
		BBA86A2A163925A8007DE67A /* Build configuration list for PBXProject "Distance" */ = {
			isa = XCConfigurationList;
			buildConfigurations = (
				BBA86A52163925A8007DE67A /* Debug */,
				BBA86A53163925A8007DE67A /* Release */,
			);
			defaultConfigurationIsVisible = 0;
			defaultConfigurationName = Release;
		};
		BBA86A54163925A8007DE67A /* Build configuration list for PBXNativeTarget "Distance" */ = {
			isa = XCConfigurationList;
			buildConfigurations = (
				BBA86A55163925A8007DE67A /* Debug */,
				BBA86A56163925A8007DE67A /* Release */,
			);
			defaultConfigurationIsVisible = 0;
			defaultConfigurationName = Release;
		};
/* End XCConfigurationList section */
	};
	rootObject = BBA86A27163925A8007DE67A /* Project object */;
}
